
Microsoft Visual Studio Solution File, Format Version 12.00
# Visual Studio Version 17
VisualStudioVersion = 17.0.31815.197
MinimumVisualStudioVersion = 10.0.40219.1
Project("{2150E333-8FDC-42A3-9474-1A3956D46DE8}") = "Core", "Core", "{2094B01D-ED38-4071-9B68-636AE81C694B}"
EndProject
Project("{2150E333-8FDC-42A3-9474-1A3956D46DE8}") = "Tests", "Tests", "{1B8ED7D0-5EC2-4184-A60E-ED93DE572802}"
EndProject
Project("{2150E333-8FDC-42A3-9474-1A3956D46DE8}") = "Infra", "Infra", "{1644DA54-649D-4969-8E41-F94DAD3897BF}"
EndProject
Project("{9A19103F-16F7-4668-BE54-9A1E7A4F7556}") = "Qwirkle.Web.Api", "Qwirkle.Web.Api\Qwirkle.Web.Api.csproj", "{D0CA86A4-4DB3-4A85-B366-B9782D98DA96}"
	ProjectSection(ProjectDependencies) = postProject
		{9C7C489A-C73B-426E-83A5-E9CEA165DA22} = {9C7C489A-C73B-426E-83A5-E9CEA165DA22}
	EndProjectSection
EndProject
Project("{9A19103F-16F7-4668-BE54-9A1E7A4F7556}") = "Qwirkle.Infra.Repository", "Qwirkle.Infra.Repository\Qwirkle.Infra.Repository.csproj", "{8419EFC2-8FF7-4E23-92DE-15CA3A6C6531}"
EndProject
Project("{9A19103F-16F7-4668-BE54-9A1E7A4F7556}") = "Qwirkle.Core", "Qwirkle.Core\Qwirkle.Core.csproj", "{FBA5F822-5FD5-4275-BADB-C3D0CFADCFA7}"
EndProject
Project("{2150E333-8FDC-42A3-9474-1A3956D46DE8}") = "Settings", "Settings", "{991FDE2D-D8CE-4BF0-819C-8DA20DB1B267}"
	ProjectSection(SolutionItems) = preProject
		appsettings.Development.json = appsettings.Development.json
		appsettings.json = appsettings.json
		appsettings.Production.json = appsettings.Production.json
	EndProjectSection
EndProject
Project("{9A19103F-16F7-4668-BE54-9A1E7A4F7556}") = "Qwirkle.SignalR", "Qwirkle.SignalR\Qwirkle.SignalR.csproj", "{9C7C489A-C73B-426E-83A5-E9CEA165DA22}"
EndProject
Project("{9A19103F-16F7-4668-BE54-9A1E7A4F7556}") = "Qwirkle.Authentication", "Qwirkle.Authentication\Qwirkle.Authentication.csproj", "{754EEC74-46CB-4382-8572-5F92238A9860}"
EndProject
Project("{2150E333-8FDC-42A3-9474-1A3956D46DE8}") = "AI", "AI", "{748E9369-9766-4FA6-9696-E381B5D67050}"
EndProject
Project("{9A19103F-16F7-4668-BE54-9A1E7A4F7556}") = "Qwirkle.Test", "Qwirkle.Test\Qwirkle.Test.csproj", "{98847D8C-EB3A-49A1-8BD9-6E37E5B918AD}"
EndProject
Project("{2150E333-8FDC-42A3-9474-1A3956D46DE8}") = "API", "API", "{A035D5C4-CCF4-4401-813E-E86B41A1F1E0}"
EndProject
Project("{FAE04EC0-301F-11D3-BF4B-00C04F79EFBC}") = "Qwirkle.AI", "Qwirkle.AI\Qwirkle.AI.csproj", "{E5D79468-7F66-44CC-B148-2C452DE7119E}"
EndProject
Project("{FAE04EC0-301F-11D3-BF4B-00C04F79EFBC}") = "Qwirkle.UltraBoardGames.Player", "Qwirkle.UltraBoardGames.Player\Qwirkle.UltraBoardGames.Player.csproj", "{33561E33-BA67-4A59-9490-BBD70C345220}"
EndProject
Global
	GlobalSection(SolutionConfigurationPlatforms) = preSolution
		Debug|Any CPU = Debug|Any CPU
		Release|Any CPU = Release|Any CPU
	EndGlobalSection
	GlobalSection(ProjectConfigurationPlatforms) = postSolution
		{D0CA86A4-4DB3-4A85-B366-B9782D98DA96}.Debug|Any CPU.ActiveCfg = Debug|Any CPU
		{D0CA86A4-4DB3-4A85-B366-B9782D98DA96}.Debug|Any CPU.Build.0 = Debug|Any CPU
		{D0CA86A4-4DB3-4A85-B366-B9782D98DA96}.Release|Any CPU.ActiveCfg = Release|Any CPU
		{D0CA86A4-4DB3-4A85-B366-B9782D98DA96}.Release|Any CPU.Build.0 = Release|Any CPU
		{8419EFC2-8FF7-4E23-92DE-15CA3A6C6531}.Debug|Any CPU.ActiveCfg = Debug|Any CPU
		{8419EFC2-8FF7-4E23-92DE-15CA3A6C6531}.Debug|Any CPU.Build.0 = Debug|Any CPU
		{8419EFC2-8FF7-4E23-92DE-15CA3A6C6531}.Release|Any CPU.ActiveCfg = Release|Any CPU
		{8419EFC2-8FF7-4E23-92DE-15CA3A6C6531}.Release|Any CPU.Build.0 = Release|Any CPU
		{FBA5F822-5FD5-4275-BADB-C3D0CFADCFA7}.Debug|Any CPU.ActiveCfg = Debug|Any CPU
		{FBA5F822-5FD5-4275-BADB-C3D0CFADCFA7}.Debug|Any CPU.Build.0 = Debug|Any CPU
		{FBA5F822-5FD5-4275-BADB-C3D0CFADCFA7}.Release|Any CPU.ActiveCfg = Release|Any CPU
		{FBA5F822-5FD5-4275-BADB-C3D0CFADCFA7}.Release|Any CPU.Build.0 = Release|Any CPU
		{9C7C489A-C73B-426E-83A5-E9CEA165DA22}.Debug|Any CPU.ActiveCfg = Debug|Any CPU
		{9C7C489A-C73B-426E-83A5-E9CEA165DA22}.Debug|Any CPU.Build.0 = Debug|Any CPU
		{9C7C489A-C73B-426E-83A5-E9CEA165DA22}.Release|Any CPU.ActiveCfg = Release|Any CPU
		{9C7C489A-C73B-426E-83A5-E9CEA165DA22}.Release|Any CPU.Build.0 = Release|Any CPU
		{754EEC74-46CB-4382-8572-5F92238A9860}.Debug|Any CPU.ActiveCfg = Debug|Any CPU
		{754EEC74-46CB-4382-8572-5F92238A9860}.Debug|Any CPU.Build.0 = Debug|Any CPU
		{754EEC74-46CB-4382-8572-5F92238A9860}.Release|Any CPU.ActiveCfg = Release|Any CPU
		{754EEC74-46CB-4382-8572-5F92238A9860}.Release|Any CPU.Build.0 = Release|Any CPU
		{98847D8C-EB3A-49A1-8BD9-6E37E5B918AD}.Debug|Any CPU.ActiveCfg = Debug|Any CPU
		{98847D8C-EB3A-49A1-8BD9-6E37E5B918AD}.Debug|Any CPU.Build.0 = Debug|Any CPU
		{98847D8C-EB3A-49A1-8BD9-6E37E5B918AD}.Release|Any CPU.ActiveCfg = Release|Any CPU
		{98847D8C-EB3A-49A1-8BD9-6E37E5B918AD}.Release|Any CPU.Build.0 = Release|Any CPU
		{E5D79468-7F66-44CC-B148-2C452DE7119E}.Debug|Any CPU.ActiveCfg = Debug|Any CPU
		{E5D79468-7F66-44CC-B148-2C452DE7119E}.Debug|Any CPU.Build.0 = Debug|Any CPU
		{E5D79468-7F66-44CC-B148-2C452DE7119E}.Release|Any CPU.ActiveCfg = Release|Any CPU
		{E5D79468-7F66-44CC-B148-2C452DE7119E}.Release|Any CPU.Build.0 = Release|Any CPU
		{33561E33-BA67-4A59-9490-BBD70C345220}.Debug|Any CPU.ActiveCfg = Debug|Any CPU
		{33561E33-BA67-4A59-9490-BBD70C345220}.Debug|Any CPU.Build.0 = Debug|Any CPU
		{33561E33-BA67-4A59-9490-BBD70C345220}.Release|Any CPU.ActiveCfg = Release|Any CPU
		{33561E33-BA67-4A59-9490-BBD70C345220}.Release|Any CPU.Build.0 = Release|Any CPU
	EndGlobalSection
	GlobalSection(SolutionProperties) = preSolution
		HideSolutionNode = FALSE
	EndGlobalSection
	GlobalSection(NestedProjects) = preSolution
		{D0CA86A4-4DB3-4A85-B366-B9782D98DA96} = {A035D5C4-CCF4-4401-813E-E86B41A1F1E0}
		{8419EFC2-8FF7-4E23-92DE-15CA3A6C6531} = {1644DA54-649D-4969-8E41-F94DAD3897BF}
		{FBA5F822-5FD5-4275-BADB-C3D0CFADCFA7} = {2094B01D-ED38-4071-9B68-636AE81C694B}
		{9C7C489A-C73B-426E-83A5-E9CEA165DA22} = {1644DA54-649D-4969-8E41-F94DAD3897BF}
		{754EEC74-46CB-4382-8572-5F92238A9860} = {1644DA54-649D-4969-8E41-F94DAD3897BF}
		{98847D8C-EB3A-49A1-8BD9-6E37E5B918AD} = {1B8ED7D0-5EC2-4184-A60E-ED93DE572802}
		{E5D79468-7F66-44CC-B148-2C452DE7119E} = {748E9369-9766-4FA6-9696-E381B5D67050}
		{33561E33-BA67-4A59-9490-BBD70C345220} = {748E9369-9766-4FA6-9696-E381B5D67050}
	EndGlobalSection
	GlobalSection(ExtensibilityGlobals) = postSolution
		SolutionGuid = {326A9AD2-C15D-4772-8BB7-E6B195208FDB}
	EndGlobalSection
EndGlobal
